// !$*UTF8*$!
{
	archiveVersion = 1;
	classes = {
	};
	objectVersion = 46;
	objects = {

/* Begin PBXBuildFile section */
		7DCC33E40F11EE539750807C /* Pods_NewsFeedDigestTests.framework in Frameworks */ = {isa = PBXBuildFile; fileRef = 4D04AE6473CA7D5E15E48AD7 /* Pods_NewsFeedDigestTests.framework */; };
		C98C5F6D33B48A1971218D07 /* Pods_NewsFeedDigest.framework in Frameworks */ = {isa = PBXBuildFile; fileRef = 148284045FA238F2ED02CF35 /* Pods_NewsFeedDigest.framework */; };
		D405BC3D1EEA2508007F53C0 /* NewsAPI+Rx.swift in Sources */ = {isa = PBXBuildFile; fileRef = D405BC3C1EEA2508007F53C0 /* NewsAPI+Rx.swift */; };
		D421B43B1EFF6D86004FE50F /* NewsFeedCoordinator.swift in Sources */ = {isa = PBXBuildFile; fileRef = D421B43A1EFF6D86004FE50F /* NewsFeedCoordinator.swift */; };
		D421B43D1EFF7823004FE50F /* DetailCoordinator.swift in Sources */ = {isa = PBXBuildFile; fileRef = D421B43C1EFF7823004FE50F /* DetailCoordinator.swift */; };
		D426225E1F12FA71008BDE3A /* ArticleSection.swift in Sources */ = {isa = PBXBuildFile; fileRef = D426225D1F12FA71008BDE3A /* ArticleSection.swift */; };
		D4373F0E1F01D7CF00113C79 /* ListViewModelTests.swift in Sources */ = {isa = PBXBuildFile; fileRef = D4373F0D1F01D7CF00113C79 /* ListViewModelTests.swift */; };
		D444A0FB1F02FB8A002FF5DB /* CategoryCell.swift in Sources */ = {isa = PBXBuildFile; fileRef = D444A0FA1F02FB8A002FF5DB /* CategoryCell.swift */; };
		D444A0FD1F031669002FF5DB /* SourceCell.swift in Sources */ = {isa = PBXBuildFile; fileRef = D444A0FC1F031669002FF5DB /* SourceCell.swift */; };
		D444A0FF1F031DE7002FF5DB /* UICollectionViewCell+CardView.swift in Sources */ = {isa = PBXBuildFile; fileRef = D444A0FE1F031DE7002FF5DB /* UICollectionViewCell+CardView.swift */; };
		D444A1071F0344E1002FF5DB /* SourceListCoordinator.swift in Sources */ = {isa = PBXBuildFile; fileRef = D444A1061F0344E1002FF5DB /* SourceListCoordinator.swift */; };
		D4472A8E1EFC9E5900CA4DAF /* NewsFeedViewModelTests.swift in Sources */ = {isa = PBXBuildFile; fileRef = D4472A8D1EFC9E5900CA4DAF /* NewsFeedViewModelTests.swift */; };
		D44785161F043BB7004F474F /* FavoriteView.swift in Sources */ = {isa = PBXBuildFile; fileRef = D44785151F043BB7004F474F /* FavoriteView.swift */; };
		D44785181F043FAC004F474F /* Assets.xcassets in Resources */ = {isa = PBXBuildFile; fileRef = D44785171F043FAC004F474F /* Assets.xcassets */; };
		D447851E1F044642004F474F /* SourceInteractor.swift in Sources */ = {isa = PBXBuildFile; fileRef = D447851D1F044642004F474F /* SourceInteractor.swift */; };
		D447B7811EF0AECD00B7371E /* DateConversor.swift in Sources */ = {isa = PBXBuildFile; fileRef = D447B7801EF0AECD00B7371E /* DateConversor.swift */; };
		D447B7841EF0AF7B00B7371E /* DateConversorTests.swift in Sources */ = {isa = PBXBuildFile; fileRef = D447B7831EF0AF7B00B7371E /* DateConversorTests.swift */; };
		D4495D9B1F05D1C70039F0C2 /* SourceObject.swift in Sources */ = {isa = PBXBuildFile; fileRef = D4495D9A1F05D1C70039F0C2 /* SourceObject.swift */; };
		D451C4741F0DB65800B6D160 /* SourceInteractorTests.swift in Sources */ = {isa = PBXBuildFile; fileRef = D451C4721F0DB65800B6D160 /* SourceInteractorTests.swift */; };
		D451C4761F0DB68200B6D160 /* ArticleInteractorTests.swift in Sources */ = {isa = PBXBuildFile; fileRef = D451C4751F0DB68200B6D160 /* ArticleInteractorTests.swift */; };
		D451C4781F0DBABD00B6D160 /* ArticleInteractor.swift in Sources */ = {isa = PBXBuildFile; fileRef = D451C4771F0DBABD00B6D160 /* ArticleInteractor.swift */; };
		D451C47A1F0DBC5300B6D160 /* ArticleObject.swift in Sources */ = {isa = PBXBuildFile; fileRef = D451C4791F0DBC5300B6D160 /* ArticleObject.swift */; };
		D46140541EF441A10010A36E /* UIColor.swift in Sources */ = {isa = PBXBuildFile; fileRef = D46140531EF441A10010A36E /* UIColor.swift */; };
		D46235871EECA6F20062E3F3 /* NewsFeedCell.swift in Sources */ = {isa = PBXBuildFile; fileRef = D46235861EECA6F20062E3F3 /* NewsFeedCell.swift */; };
		D46A97E91EFB551F004BAF56 /* NewsAPI+RxTests.swift in Sources */ = {isa = PBXBuildFile; fileRef = D46A97E81EFB551F004BAF56 /* NewsAPI+RxTests.swift */; };
		D46A97EB1EFB65F8004BAF56 /* MockNewsAPI.swift in Sources */ = {isa = PBXBuildFile; fileRef = D46A97EA1EFB65F8004BAF56 /* MockNewsAPI.swift */; };
		D46D2C621EEA1088008C022F /* AppCoordinator.swift in Sources */ = {isa = PBXBuildFile; fileRef = D46D2C611EEA1088008C022F /* AppCoordinator.swift */; };
		D46D2C671EEA12B0008C022F /* NewsFeedViewController.swift in Sources */ = {isa = PBXBuildFile; fileRef = D46D2C661EEA12B0008C022F /* NewsFeedViewController.swift */; };
		D46D2C6B1EEA1585008C022F /* Constants.swift in Sources */ = {isa = PBXBuildFile; fileRef = D46D2C6A1EEA1585008C022F /* Constants.swift */; };
		D46D2C6D1EEA16FB008C022F /* NewsFeedViewModel.swift in Sources */ = {isa = PBXBuildFile; fileRef = D46D2C6C1EEA16FB008C022F /* NewsFeedViewModel.swift */; };
		D47C48221F00A86600956AF8 /* ListViewController.swift in Sources */ = {isa = PBXBuildFile; fileRef = D47C48211F00A86600956AF8 /* ListViewController.swift */; };
		D47C48241F00A87600956AF8 /* ListViewModel.swift in Sources */ = {isa = PBXBuildFile; fileRef = D47C48231F00A87600956AF8 /* ListViewModel.swift */; };
		D47C48261F00A88700956AF8 /* ListCoordinator.swift in Sources */ = {isa = PBXBuildFile; fileRef = D47C48251F00A88700956AF8 /* ListCoordinator.swift */; };
		D48CE8041EE8F46C00256E94 /* AppDelegate.swift in Sources */ = {isa = PBXBuildFile; fileRef = D48CE8031EE8F46C00256E94 /* AppDelegate.swift */; };
		D48CE80E1EE8F46C00256E94 /* LaunchScreen.storyboard in Resources */ = {isa = PBXBuildFile; fileRef = D48CE80C1EE8F46C00256E94 /* LaunchScreen.storyboard */; };
		D4CDBA9D1EE8F77F00C0F628 /* CoordinatorProtocol.swift in Sources */ = {isa = PBXBuildFile; fileRef = D4CDBA9C1EE8F77F00C0F628 /* CoordinatorProtocol.swift */; };
		D4F356A31F0B22E0008E6C51 /* SourceCellViewModel.swift in Sources */ = {isa = PBXBuildFile; fileRef = D4F356A21F0B22E0008E6C51 /* SourceCellViewModel.swift */; };
		D4F356A51F0B2316008E6C51 /* NewsCellViewModel.swift in Sources */ = {isa = PBXBuildFile; fileRef = D4F356A41F0B2316008E6C51 /* NewsCellViewModel.swift */; };
/* End PBXBuildFile section */

/* Begin PBXContainerItemProxy section */
		D48CE8151EE8F46C00256E94 /* PBXContainerItemProxy */ = {
			isa = PBXContainerItemProxy;
			containerPortal = D48CE7F81EE8F46C00256E94 /* Project object */;
			proxyType = 1;
			remoteGlobalIDString = D48CE7FF1EE8F46C00256E94;
			remoteInfo = NewsFeedDigest;
		};
/* End PBXContainerItemProxy section */

/* Begin PBXFileReference section */
		148284045FA238F2ED02CF35 /* Pods_NewsFeedDigest.framework */ = {isa = PBXFileReference; explicitFileType = wrapper.framework; includeInIndex = 0; path = Pods_NewsFeedDigest.framework; sourceTree = BUILT_PRODUCTS_DIR; };
		4D04AE6473CA7D5E15E48AD7 /* Pods_NewsFeedDigestTests.framework */ = {isa = PBXFileReference; explicitFileType = wrapper.framework; includeInIndex = 0; path = Pods_NewsFeedDigestTests.framework; sourceTree = BUILT_PRODUCTS_DIR; };
		797CBC0F0B4BF4F82D319F4B /* Pods-NewsFeedDigest.release.xcconfig */ = {isa = PBXFileReference; includeInIndex = 1; lastKnownFileType = text.xcconfig; name = "Pods-NewsFeedDigest.release.xcconfig"; path = "Pods/Target Support Files/Pods-NewsFeedDigest/Pods-NewsFeedDigest.release.xcconfig"; sourceTree = "<group>"; };
		9911C6BB6ABF9644F5EF1258 /* Pods-NewsFeedDigestTests.release.xcconfig */ = {isa = PBXFileReference; includeInIndex = 1; lastKnownFileType = text.xcconfig; name = "Pods-NewsFeedDigestTests.release.xcconfig"; path = "Pods/Target Support Files/Pods-NewsFeedDigestTests/Pods-NewsFeedDigestTests.release.xcconfig"; sourceTree = "<group>"; };
		D405BC3C1EEA2508007F53C0 /* NewsAPI+Rx.swift */ = {isa = PBXFileReference; fileEncoding = 4; lastKnownFileType = sourcecode.swift; name = "NewsAPI+Rx.swift"; path = "NewsAPIService/NewsAPI+Rx.swift"; sourceTree = "<group>"; };
		D421B43A1EFF6D86004FE50F /* NewsFeedCoordinator.swift */ = {isa = PBXFileReference; fileEncoding = 4; lastKnownFileType = sourcecode.swift; name = NewsFeedCoordinator.swift; path = Coordinators/NewsFeedCoordinator.swift; sourceTree = "<group>"; };
		D421B43C1EFF7823004FE50F /* DetailCoordinator.swift */ = {isa = PBXFileReference; fileEncoding = 4; lastKnownFileType = sourcecode.swift; name = DetailCoordinator.swift; path = Coordinators/DetailCoordinator.swift; sourceTree = "<group>"; };
		D426225D1F12FA71008BDE3A /* ArticleSection.swift */ = {isa = PBXFileReference; fileEncoding = 4; lastKnownFileType = sourcecode.swift; name = ArticleSection.swift; path = ViewModels/ArticleSection.swift; sourceTree = "<group>"; };
		D4373F0D1F01D7CF00113C79 /* ListViewModelTests.swift */ = {isa = PBXFileReference; fileEncoding = 4; lastKnownFileType = sourcecode.swift; name = ListViewModelTests.swift; path = ViewModelTests/ListViewModelTests.swift; sourceTree = "<group>"; };
		D444A0FA1F02FB8A002FF5DB /* CategoryCell.swift */ = {isa = PBXFileReference; fileEncoding = 4; lastKnownFileType = sourcecode.swift; name = CategoryCell.swift; path = Views/CategoryCell.swift; sourceTree = "<group>"; };
		D444A0FC1F031669002FF5DB /* SourceCell.swift */ = {isa = PBXFileReference; fileEncoding = 4; lastKnownFileType = sourcecode.swift; name = SourceCell.swift; path = Views/SourceCell.swift; sourceTree = "<group>"; };
		D444A0FE1F031DE7002FF5DB /* UICollectionViewCell+CardView.swift */ = {isa = PBXFileReference; fileEncoding = 4; lastKnownFileType = sourcecode.swift; name = "UICollectionViewCell+CardView.swift"; path = "Extensions/UICollectionViewCell+CardView.swift"; sourceTree = "<group>"; };
		D444A1061F0344E1002FF5DB /* SourceListCoordinator.swift */ = {isa = PBXFileReference; fileEncoding = 4; lastKnownFileType = sourcecode.swift; name = SourceListCoordinator.swift; path = Coordinators/SourceListCoordinator.swift; sourceTree = "<group>"; };
		D4472A8D1EFC9E5900CA4DAF /* NewsFeedViewModelTests.swift */ = {isa = PBXFileReference; fileEncoding = 4; lastKnownFileType = sourcecode.swift; name = NewsFeedViewModelTests.swift; path = ViewModelTests/NewsFeedViewModelTests.swift; sourceTree = "<group>"; };
		D44785151F043BB7004F474F /* FavoriteView.swift */ = {isa = PBXFileReference; fileEncoding = 4; lastKnownFileType = sourcecode.swift; name = FavoriteView.swift; path = Views/FavoriteView.swift; sourceTree = "<group>"; };
		D44785171F043FAC004F474F /* Assets.xcassets */ = {isa = PBXFileReference; lastKnownFileType = folder.assetcatalog; path = Assets.xcassets; sourceTree = "<group>"; };
		D447851D1F044642004F474F /* SourceInteractor.swift */ = {isa = PBXFileReference; fileEncoding = 4; lastKnownFileType = sourcecode.swift; name = SourceInteractor.swift; path = Models/SourceInteractor.swift; sourceTree = "<group>"; };
		D447B7801EF0AECD00B7371E /* DateConversor.swift */ = {isa = PBXFileReference; fileEncoding = 4; lastKnownFileType = sourcecode.swift; name = DateConversor.swift; path = Conversors/DateConversor.swift; sourceTree = "<group>"; };
		D447B7831EF0AF7B00B7371E /* DateConversorTests.swift */ = {isa = PBXFileReference; fileEncoding = 4; lastKnownFileType = sourcecode.swift; name = DateConversorTests.swift; path = Conversors/DateConversorTests.swift; sourceTree = "<group>"; };
		D4495D9A1F05D1C70039F0C2 /* SourceObject.swift */ = {isa = PBXFileReference; fileEncoding = 4; lastKnownFileType = sourcecode.swift; name = SourceObject.swift; path = Models/SourceObject.swift; sourceTree = "<group>"; };
		D451C4721F0DB65800B6D160 /* SourceInteractorTests.swift */ = {isa = PBXFileReference; fileEncoding = 4; lastKnownFileType = sourcecode.swift; name = SourceInteractorTests.swift; path = ModelTests/SourceInteractorTests.swift; sourceTree = "<group>"; };
		D451C4751F0DB68200B6D160 /* ArticleInteractorTests.swift */ = {isa = PBXFileReference; fileEncoding = 4; lastKnownFileType = sourcecode.swift; name = ArticleInteractorTests.swift; path = ModelTests/ArticleInteractorTests.swift; sourceTree = "<group>"; };
		D451C4771F0DBABD00B6D160 /* ArticleInteractor.swift */ = {isa = PBXFileReference; fileEncoding = 4; lastKnownFileType = sourcecode.swift; name = ArticleInteractor.swift; path = Models/ArticleInteractor.swift; sourceTree = "<group>"; };
		D451C4791F0DBC5300B6D160 /* ArticleObject.swift */ = {isa = PBXFileReference; fileEncoding = 4; lastKnownFileType = sourcecode.swift; name = ArticleObject.swift; path = Models/ArticleObject.swift; sourceTree = "<group>"; };
		D46140531EF441A10010A36E /* UIColor.swift */ = {isa = PBXFileReference; fileEncoding = 4; lastKnownFileType = sourcecode.swift; name = UIColor.swift; path = Extensions/UIColor.swift; sourceTree = "<group>"; };
		D46235861EECA6F20062E3F3 /* NewsFeedCell.swift */ = {isa = PBXFileReference; fileEncoding = 4; lastKnownFileType = sourcecode.swift; name = NewsFeedCell.swift; path = Views/NewsFeedCell.swift; sourceTree = "<group>"; };
		D46A97E81EFB551F004BAF56 /* NewsAPI+RxTests.swift */ = {isa = PBXFileReference; fileEncoding = 4; lastKnownFileType = sourcecode.swift; name = "NewsAPI+RxTests.swift"; path = "NewsAPITests/NewsAPI+RxTests.swift"; sourceTree = "<group>"; };
		D46A97EA1EFB65F8004BAF56 /* MockNewsAPI.swift */ = {isa = PBXFileReference; fileEncoding = 4; lastKnownFileType = sourcecode.swift; name = MockNewsAPI.swift; path = NewsAPITests/MockNewsAPI.swift; sourceTree = "<group>"; };
		D46D2C611EEA1088008C022F /* AppCoordinator.swift */ = {isa = PBXFileReference; fileEncoding = 4; lastKnownFileType = sourcecode.swift; name = AppCoordinator.swift; path = Coordinators/AppCoordinator.swift; sourceTree = "<group>"; };
		D46D2C661EEA12B0008C022F /* NewsFeedViewController.swift */ = {isa = PBXFileReference; fileEncoding = 4; lastKnownFileType = sourcecode.swift; name = NewsFeedViewController.swift; path = ViewControllers/NewsFeedViewController.swift; sourceTree = "<group>"; };
		D46D2C6A1EEA1585008C022F /* Constants.swift */ = {isa = PBXFileReference; fileEncoding = 4; lastKnownFileType = sourcecode.swift; name = Constants.swift; path = Resources/Constants.swift; sourceTree = "<group>"; };
		D46D2C6C1EEA16FB008C022F /* NewsFeedViewModel.swift */ = {isa = PBXFileReference; fileEncoding = 4; lastKnownFileType = sourcecode.swift; name = NewsFeedViewModel.swift; path = ViewModels/NewsFeedViewModel.swift; sourceTree = "<group>"; };
		D47C48211F00A86600956AF8 /* ListViewController.swift */ = {isa = PBXFileReference; fileEncoding = 4; lastKnownFileType = sourcecode.swift; name = ListViewController.swift; path = ViewControllers/ListViewController.swift; sourceTree = "<group>"; };
		D47C48231F00A87600956AF8 /* ListViewModel.swift */ = {isa = PBXFileReference; fileEncoding = 4; lastKnownFileType = sourcecode.swift; name = ListViewModel.swift; path = ViewModels/ListViewModel.swift; sourceTree = "<group>"; };
		D47C48251F00A88700956AF8 /* ListCoordinator.swift */ = {isa = PBXFileReference; fileEncoding = 4; lastKnownFileType = sourcecode.swift; name = ListCoordinator.swift; path = Coordinators/ListCoordinator.swift; sourceTree = "<group>"; };
		D48CE8001EE8F46C00256E94 /* NewsFeedDigest.app */ = {isa = PBXFileReference; explicitFileType = wrapper.application; includeInIndex = 0; path = NewsFeedDigest.app; sourceTree = BUILT_PRODUCTS_DIR; };
		D48CE8031EE8F46C00256E94 /* AppDelegate.swift */ = {isa = PBXFileReference; lastKnownFileType = sourcecode.swift; path = AppDelegate.swift; sourceTree = "<group>"; };
		D48CE80D1EE8F46C00256E94 /* Base */ = {isa = PBXFileReference; lastKnownFileType = file.storyboard; name = Base; path = Base.lproj/LaunchScreen.storyboard; sourceTree = "<group>"; };
		D48CE80F1EE8F46C00256E94 /* Info.plist */ = {isa = PBXFileReference; lastKnownFileType = text.plist.xml; path = Info.plist; sourceTree = "<group>"; };
		D48CE8141EE8F46C00256E94 /* NewsFeedDigestTests.xctest */ = {isa = PBXFileReference; explicitFileType = wrapper.cfbundle; includeInIndex = 0; path = NewsFeedDigestTests.xctest; sourceTree = BUILT_PRODUCTS_DIR; };
		D48CE81A1EE8F46C00256E94 /* Info.plist */ = {isa = PBXFileReference; lastKnownFileType = text.plist.xml; path = Info.plist; sourceTree = "<group>"; };
		D4CDBA9C1EE8F77F00C0F628 /* CoordinatorProtocol.swift */ = {isa = PBXFileReference; fileEncoding = 4; lastKnownFileType = sourcecode.swift; name = CoordinatorProtocol.swift; path = Coordinators/CoordinatorProtocol.swift; sourceTree = "<group>"; };
		D4F356A21F0B22E0008E6C51 /* SourceCellViewModel.swift */ = {isa = PBXFileReference; fileEncoding = 4; lastKnownFileType = sourcecode.swift; name = SourceCellViewModel.swift; path = ViewModels/SourceCellViewModel.swift; sourceTree = "<group>"; };
		D4F356A41F0B2316008E6C51 /* NewsCellViewModel.swift */ = {isa = PBXFileReference; fileEncoding = 4; lastKnownFileType = sourcecode.swift; name = NewsCellViewModel.swift; path = ViewModels/NewsCellViewModel.swift; sourceTree = "<group>"; };
		DEFC35A2763629F1E311F409 /* Pods-NewsFeedDigestTests.debug.xcconfig */ = {isa = PBXFileReference; includeInIndex = 1; lastKnownFileType = text.xcconfig; name = "Pods-NewsFeedDigestTests.debug.xcconfig"; path = "Pods/Target Support Files/Pods-NewsFeedDigestTests/Pods-NewsFeedDigestTests.debug.xcconfig"; sourceTree = "<group>"; };
		EDD68DF1C905F90365BDACAD /* Pods-NewsFeedDigest.debug.xcconfig */ = {isa = PBXFileReference; includeInIndex = 1; lastKnownFileType = text.xcconfig; name = "Pods-NewsFeedDigest.debug.xcconfig"; path = "Pods/Target Support Files/Pods-NewsFeedDigest/Pods-NewsFeedDigest.debug.xcconfig"; sourceTree = "<group>"; };
/* End PBXFileReference section */

/* Begin PBXFrameworksBuildPhase section */
		D48CE7FD1EE8F46C00256E94 /* Frameworks */ = {
			isa = PBXFrameworksBuildPhase;
			buildActionMask = 2147483647;
			files = (
				C98C5F6D33B48A1971218D07 /* Pods_NewsFeedDigest.framework in Frameworks */,
			);
			runOnlyForDeploymentPostprocessing = 0;
		};
		D48CE8111EE8F46C00256E94 /* Frameworks */ = {
			isa = PBXFrameworksBuildPhase;
			buildActionMask = 2147483647;
			files = (
				7DCC33E40F11EE539750807C /* Pods_NewsFeedDigestTests.framework in Frameworks */,
			);
			runOnlyForDeploymentPostprocessing = 0;
		};
/* End PBXFrameworksBuildPhase section */

/* Begin PBXGroup section */
		676BA5981DDEF6FD73DBB794 /* Pods */ = {
			isa = PBXGroup;
			children = (
				EDD68DF1C905F90365BDACAD /* Pods-NewsFeedDigest.debug.xcconfig */,
				797CBC0F0B4BF4F82D319F4B /* Pods-NewsFeedDigest.release.xcconfig */,
				DEFC35A2763629F1E311F409 /* Pods-NewsFeedDigestTests.debug.xcconfig */,
				9911C6BB6ABF9644F5EF1258 /* Pods-NewsFeedDigestTests.release.xcconfig */,
			);
			name = Pods;
			sourceTree = "<group>";
		};
		69DE5C32667D5C70AFFD8BEE /* Frameworks */ = {
			isa = PBXGroup;
			children = (
				148284045FA238F2ED02CF35 /* Pods_NewsFeedDigest.framework */,
				4D04AE6473CA7D5E15E48AD7 /* Pods_NewsFeedDigestTests.framework */,
			);
			name = Frameworks;
			sourceTree = "<group>";
		};
		D405BC381EEA1A2A007F53C0 /* ViewModelTests */ = {
			isa = PBXGroup;
			children = (
				D4472A8D1EFC9E5900CA4DAF /* NewsFeedViewModelTests.swift */,
				D4373F0D1F01D7CF00113C79 /* ListViewModelTests.swift */,
			);
			name = ViewModelTests;
			sourceTree = "<group>";
		};
		D405BC3B1EEA24EB007F53C0 /* NewsAPI  */ = {
			isa = PBXGroup;
			children = (
				D405BC3C1EEA2508007F53C0 /* NewsAPI+Rx.swift */,
			);
			name = "NewsAPI ";
			sourceTree = "<group>";
		};
		D4357EA11EEB82CE00B0C203 /* Models */ = {
			isa = PBXGroup;
			children = (
				D447851D1F044642004F474F /* SourceInteractor.swift */,
				D451C4771F0DBABD00B6D160 /* ArticleInteractor.swift */,
				D4495D9A1F05D1C70039F0C2 /* SourceObject.swift */,
				D451C4791F0DBC5300B6D160 /* ArticleObject.swift */,
			);
			name = Models;
			sourceTree = "<group>";
		};
		D4472A8F1EFCABF300CA4DAF /* ModelTests */ = {
			isa = PBXGroup;
			children = (
				D451C4721F0DB65800B6D160 /* SourceInteractorTests.swift */,
				D451C4751F0DB68200B6D160 /* ArticleInteractorTests.swift */,
			);
			name = ModelTests;
			sourceTree = "<group>";
		};
		D44768321EFD8321001C81E8 /* ViewControllerTests */ = {
			isa = PBXGroup;
			children = (
			);
			name = ViewControllerTests;
			sourceTree = "<group>";
		};
		D447B77F1EF0AEA400B7371E /* Conversors */ = {
			isa = PBXGroup;
			children = (
				D447B7801EF0AECD00B7371E /* DateConversor.swift */,
			);
			name = Conversors;
			sourceTree = "<group>";
		};
		D447B7821EF0AF6300B7371E /* Conversors */ = {
			isa = PBXGroup;
			children = (
				D447B7831EF0AF7B00B7371E /* DateConversorTests.swift */,
			);
			name = Conversors;
			sourceTree = "<group>";
		};
		D46140521EF441900010A36E /* Extensions */ = {
			isa = PBXGroup;
			children = (
				D46140531EF441A10010A36E /* UIColor.swift */,
				D444A0FE1F031DE7002FF5DB /* UICollectionViewCell+CardView.swift */,
			);
			name = Extensions;
			sourceTree = "<group>";
		};
		D46A97E51EFB54A9004BAF56 /* NewsAPITests */ = {
			isa = PBXGroup;
			children = (
				D46A97EA1EFB65F8004BAF56 /* MockNewsAPI.swift */,
				D46A97E81EFB551F004BAF56 /* NewsAPI+RxTests.swift */,
			);
			name = NewsAPITests;
			sourceTree = "<group>";
		};
		D46D2C631EEA11E6008C022F /* ViewControllers */ = {
			isa = PBXGroup;
			children = (
				D46D2C661EEA12B0008C022F /* NewsFeedViewController.swift */,
				D47C48211F00A86600956AF8 /* ListViewController.swift */,
			);
			name = ViewControllers;
			sourceTree = "<group>";
		};
		D46D2C641EEA11ED008C022F /* ViewModels */ = {
			isa = PBXGroup;
			children = (
				D46D2C6C1EEA16FB008C022F /* NewsFeedViewModel.swift */,
				D4F356A41F0B2316008E6C51 /* NewsCellViewModel.swift */,
				D47C48231F00A87600956AF8 /* ListViewModel.swift */,
				D4F356A21F0B22E0008E6C51 /* SourceCellViewModel.swift */,
				D426225D1F12FA71008BDE3A /* ArticleSection.swift */,
			);
			name = ViewModels;
			sourceTree = "<group>";
		};
		D46D2C651EEA11F3008C022F /* Views */ = {
			isa = PBXGroup;
			children = (
				D46235861EECA6F20062E3F3 /* NewsFeedCell.swift */,
				D444A0FA1F02FB8A002FF5DB /* CategoryCell.swift */,
				D444A0FC1F031669002FF5DB /* SourceCell.swift */,
				D44785151F043BB7004F474F /* FavoriteView.swift */,
			);
			name = Views;
			sourceTree = "<group>";
		};
		D46D2C681EEA14DC008C022F /* Resource files */ = {
			isa = PBXGroup;
			children = (
				D44785171F043FAC004F474F /* Assets.xcassets */,
				D48CE80C1EE8F46C00256E94 /* LaunchScreen.storyboard */,
				D48CE80F1EE8F46C00256E94 /* Info.plist */,
				D46D2C6A1EEA1585008C022F /* Constants.swift */,
			);
			name = "Resource files";
			sourceTree = "<group>";
		};
		D46D2C691EEA14F4008C022F /* Delegates */ = {
			isa = PBXGroup;
			children = (
				D48CE8031EE8F46C00256E94 /* AppDelegate.swift */,
			);
			name = Delegates;
			sourceTree = "<group>";
		};
		D48CE7F71EE8F46C00256E94 = {
			isa = PBXGroup;
			children = (
				D48CE8021EE8F46C00256E94 /* NewsFeedDigest */,
				D48CE8171EE8F46C00256E94 /* NewsFeedDigestTests */,
				D48CE8011EE8F46C00256E94 /* Products */,
				676BA5981DDEF6FD73DBB794 /* Pods */,
				69DE5C32667D5C70AFFD8BEE /* Frameworks */,
			);
			sourceTree = "<group>";
		};
		D48CE8011EE8F46C00256E94 /* Products */ = {
			isa = PBXGroup;
			children = (
				D48CE8001EE8F46C00256E94 /* NewsFeedDigest.app */,
				D48CE8141EE8F46C00256E94 /* NewsFeedDigestTests.xctest */,
			);
			name = Products;
			sourceTree = "<group>";
		};
		D48CE8021EE8F46C00256E94 /* NewsFeedDigest */ = {
			isa = PBXGroup;
			children = (
				D46140521EF441900010A36E /* Extensions */,
				D447B77F1EF0AEA400B7371E /* Conversors */,
				D46D2C651EEA11F3008C022F /* Views */,
				D4357EA11EEB82CE00B0C203 /* Models */,
				D46D2C641EEA11ED008C022F /* ViewModels */,
				D46D2C631EEA11E6008C022F /* ViewControllers */,
				D4CDBA9B1EE8F76900C0F628 /* Coordinators */,
				D405BC3B1EEA24EB007F53C0 /* NewsAPI  */,
				D46D2C691EEA14F4008C022F /* Delegates */,
				D46D2C681EEA14DC008C022F /* Resource files */,
			);
			path = NewsFeedDigest;
			sourceTree = "<group>";
		};
		D48CE8171EE8F46C00256E94 /* NewsFeedDigestTests */ = {
			isa = PBXGroup;
			children = (
				D4472A8F1EFCABF300CA4DAF /* ModelTests */,
				D46A97E51EFB54A9004BAF56 /* NewsAPITests */,
				D447B7821EF0AF6300B7371E /* Conversors */,
				D405BC381EEA1A2A007F53C0 /* ViewModelTests */,
				D44768321EFD8321001C81E8 /* ViewControllerTests */,
				D48CE81A1EE8F46C00256E94 /* Info.plist */,
			);
			path = NewsFeedDigestTests;
			sourceTree = "<group>";
		};
		D4CDBA9B1EE8F76900C0F628 /* Coordinators */ = {
			isa = PBXGroup;
			children = (
				D4CDBA9C1EE8F77F00C0F628 /* CoordinatorProtocol.swift */,
				D46D2C611EEA1088008C022F /* AppCoordinator.swift */,
				D421B43A1EFF6D86004FE50F /* NewsFeedCoordinator.swift */,
				D421B43C1EFF7823004FE50F /* DetailCoordinator.swift */,
				D47C48251F00A88700956AF8 /* ListCoordinator.swift */,
				D444A1061F0344E1002FF5DB /* SourceListCoordinator.swift */,
			);
			name = Coordinators;
			sourceTree = "<group>";
		};
/* End PBXGroup section */

/* Begin PBXNativeTarget section */
		D48CE7FF1EE8F46C00256E94 /* NewsFeedDigest */ = {
			isa = PBXNativeTarget;
			buildConfigurationList = D48CE81D1EE8F46C00256E94 /* Build configuration list for PBXNativeTarget "NewsFeedDigest" */;
			buildPhases = (
				3A23100E61454903C8CAAF39 /* [CP] Check Pods Manifest.lock */,
				D48CE7FC1EE8F46C00256E94 /* Sources */,
				D48CE7FD1EE8F46C00256E94 /* Frameworks */,
				D48CE7FE1EE8F46C00256E94 /* Resources */,
				7DDBA1D193C754DD8F2F9855 /* [CP] Embed Pods Frameworks */,
				F498A5453EB1CCC3AEEE19A6 /* [CP] Copy Pods Resources */,
			);
			buildRules = (
			);
			dependencies = (
			);
			name = NewsFeedDigest;
			productName = NewsFeedDigest;
			productReference = D48CE8001EE8F46C00256E94 /* NewsFeedDigest.app */;
			productType = "com.apple.product-type.application";
		};
		D48CE8131EE8F46C00256E94 /* NewsFeedDigestTests */ = {
			isa = PBXNativeTarget;
			buildConfigurationList = D48CE8201EE8F46C00256E94 /* Build configuration list for PBXNativeTarget "NewsFeedDigestTests" */;
			buildPhases = (
				55E3FE46D8E6DD15F46FF519 /* [CP] Check Pods Manifest.lock */,
				D48CE8101EE8F46C00256E94 /* Sources */,
				D48CE8111EE8F46C00256E94 /* Frameworks */,
				D48CE8121EE8F46C00256E94 /* Resources */,
				4875705F9DDE41F4DC17F3B4 /* [CP] Embed Pods Frameworks */,
				1113ADFD845CA529B386B2E4 /* [CP] Copy Pods Resources */,
			);
			buildRules = (
			);
			dependencies = (
				D48CE8161EE8F46C00256E94 /* PBXTargetDependency */,
			);
			name = NewsFeedDigestTests;
			productName = NewsFeedDigestTests;
			productReference = D48CE8141EE8F46C00256E94 /* NewsFeedDigestTests.xctest */;
			productType = "com.apple.product-type.bundle.unit-test";
		};
/* End PBXNativeTarget section */

/* Begin PBXProject section */
		D48CE7F81EE8F46C00256E94 /* Project object */ = {
			isa = PBXProject;
			attributes = {
				LastSwiftUpdateCheck = 0830;
				LastUpgradeCheck = 0830;
				ORGANIZATIONNAME = lucaslimapoa;
				TargetAttributes = {
					D48CE7FF1EE8F46C00256E94 = {
						CreatedOnToolsVersion = 8.3.2;
						DevelopmentTeam = HGYG7SB23F;
						ProvisioningStyle = Automatic;
					};
					D48CE8131EE8F46C00256E94 = {
						CreatedOnToolsVersion = 8.3.2;
						LastSwiftMigration = 0830;
						ProvisioningStyle = Automatic;
						TestTargetID = D48CE7FF1EE8F46C00256E94;
					};
				};
			};
			buildConfigurationList = D48CE7FB1EE8F46C00256E94 /* Build configuration list for PBXProject "NewsFeedDigest" */;
			compatibilityVersion = "Xcode 3.2";
			developmentRegion = English;
			hasScannedForEncodings = 0;
			knownRegions = (
				en,
				Base,
			);
			mainGroup = D48CE7F71EE8F46C00256E94;
			productRefGroup = D48CE8011EE8F46C00256E94 /* Products */;
			projectDirPath = "";
			projectRoot = "";
			targets = (
				D48CE7FF1EE8F46C00256E94 /* NewsFeedDigest */,
				D48CE8131EE8F46C00256E94 /* NewsFeedDigestTests */,
			);
		};
/* End PBXProject section */

/* Begin PBXResourcesBuildPhase section */
		D48CE7FE1EE8F46C00256E94 /* Resources */ = {
			isa = PBXResourcesBuildPhase;
			buildActionMask = 2147483647;
			files = (
				D44785181F043FAC004F474F /* Assets.xcassets in Resources */,
				D48CE80E1EE8F46C00256E94 /* LaunchScreen.storyboard in Resources */,
			);
			runOnlyForDeploymentPostprocessing = 0;
		};
		D48CE8121EE8F46C00256E94 /* Resources */ = {
			isa = PBXResourcesBuildPhase;
			buildActionMask = 2147483647;
			files = (
			);
			runOnlyForDeploymentPostprocessing = 0;
		};
/* End PBXResourcesBuildPhase section */

/* Begin PBXShellScriptBuildPhase section */
		1113ADFD845CA529B386B2E4 /* [CP] Copy Pods Resources */ = {
			isa = PBXShellScriptBuildPhase;
			buildActionMask = 2147483647;
			files = (
			);
			inputPaths = (
			);
			name = "[CP] Copy Pods Resources";
			outputPaths = (
			);
			runOnlyForDeploymentPostprocessing = 0;
			shellPath = /bin/sh;
			shellScript = "\"${SRCROOT}/Pods/Target Support Files/Pods-NewsFeedDigestTests/Pods-NewsFeedDigestTests-resources.sh\"\n";
			showEnvVarsInLog = 0;
		};
		3A23100E61454903C8CAAF39 /* [CP] Check Pods Manifest.lock */ = {
			isa = PBXShellScriptBuildPhase;
			buildActionMask = 2147483647;
			files = (
			);
			inputPaths = (
			);
			name = "[CP] Check Pods Manifest.lock";
			outputPaths = (
			);
			runOnlyForDeploymentPostprocessing = 0;
			shellPath = /bin/sh;
			shellScript = "diff \"${PODS_PODFILE_DIR_PATH}/Podfile.lock\" \"${PODS_ROOT}/Manifest.lock\" > /dev/null\nif [ $? != 0 ] ; then\n    # print error to STDERR\n    echo \"error: The sandbox is not in sync with the Podfile.lock. Run 'pod install' or update your CocoaPods installation.\" >&2\n    exit 1\nfi\n";
			showEnvVarsInLog = 0;
		};
		4875705F9DDE41F4DC17F3B4 /* [CP] Embed Pods Frameworks */ = {
			isa = PBXShellScriptBuildPhase;
			buildActionMask = 2147483647;
			files = (
			);
			inputPaths = (
			);
			name = "[CP] Embed Pods Frameworks";
			outputPaths = (
			);
			runOnlyForDeploymentPostprocessing = 0;
			shellPath = /bin/sh;
			shellScript = "\"${SRCROOT}/Pods/Target Support Files/Pods-NewsFeedDigestTests/Pods-NewsFeedDigestTests-frameworks.sh\"\n";
			showEnvVarsInLog = 0;
		};
		55E3FE46D8E6DD15F46FF519 /* [CP] Check Pods Manifest.lock */ = {
			isa = PBXShellScriptBuildPhase;
			buildActionMask = 2147483647;
			files = (
			);
			inputPaths = (
			);
			name = "[CP] Check Pods Manifest.lock";
			outputPaths = (
			);
			runOnlyForDeploymentPostprocessing = 0;
			shellPath = /bin/sh;
			shellScript = "diff \"${PODS_PODFILE_DIR_PATH}/Podfile.lock\" \"${PODS_ROOT}/Manifest.lock\" > /dev/null\nif [ $? != 0 ] ; then\n    # print error to STDERR\n    echo \"error: The sandbox is not in sync with the Podfile.lock. Run 'pod install' or update your CocoaPods installation.\" >&2\n    exit 1\nfi\n";
			showEnvVarsInLog = 0;
		};
		7DDBA1D193C754DD8F2F9855 /* [CP] Embed Pods Frameworks */ = {
			isa = PBXShellScriptBuildPhase;
			buildActionMask = 2147483647;
			files = (
			);
			inputPaths = (
			);
			name = "[CP] Embed Pods Frameworks";
			outputPaths = (
			);
			runOnlyForDeploymentPostprocessing = 0;
			shellPath = /bin/sh;
			shellScript = "\"${SRCROOT}/Pods/Target Support Files/Pods-NewsFeedDigest/Pods-NewsFeedDigest-frameworks.sh\"\n";
			showEnvVarsInLog = 0;
		};
		F498A5453EB1CCC3AEEE19A6 /* [CP] Copy Pods Resources */ = {
			isa = PBXShellScriptBuildPhase;
			buildActionMask = 2147483647;
			files = (
			);
			inputPaths = (
			);
			name = "[CP] Copy Pods Resources";
			outputPaths = (
			);
			runOnlyForDeploymentPostprocessing = 0;
			shellPath = /bin/sh;
			shellScript = "\"${SRCROOT}/Pods/Target Support Files/Pods-NewsFeedDigest/Pods-NewsFeedDigest-resources.sh\"\n";
			showEnvVarsInLog = 0;
		};
/* End PBXShellScriptBuildPhase section */

/* Begin PBXSourcesBuildPhase section */
		D48CE7FC1EE8F46C00256E94 /* Sources */ = {
			isa = PBXSourcesBuildPhase;
			buildActionMask = 2147483647;
			files = (
				D444A0FB1F02FB8A002FF5DB /* CategoryCell.swift in Sources */,
				D46D2C6B1EEA1585008C022F /* Constants.swift in Sources */,
				D46D2C6D1EEA16FB008C022F /* NewsFeedViewModel.swift in Sources */,
				D46D2C621EEA1088008C022F /* AppCoordinator.swift in Sources */,
				D4495D9B1F05D1C70039F0C2 /* SourceObject.swift in Sources */,
				D444A0FD1F031669002FF5DB /* SourceCell.swift in Sources */,
				D447851E1F044642004F474F /* SourceInteractor.swift in Sources */,
				D421B43D1EFF7823004FE50F /* DetailCoordinator.swift in Sources */,
				D48CE8041EE8F46C00256E94 /* AppDelegate.swift in Sources */,
				D47C48221F00A86600956AF8 /* ListViewController.swift in Sources */,
				D405BC3D1EEA2508007F53C0 /* NewsAPI+Rx.swift in Sources */,
				D47C48261F00A88700956AF8 /* ListCoordinator.swift in Sources */,
				D46235871EECA6F20062E3F3 /* NewsFeedCell.swift in Sources */,
				D444A1071F0344E1002FF5DB /* SourceListCoordinator.swift in Sources */,
				D4F356A51F0B2316008E6C51 /* NewsCellViewModel.swift in Sources */,
				D4CDBA9D1EE8F77F00C0F628 /* CoordinatorProtocol.swift in Sources */,
				D426225E1F12FA71008BDE3A /* ArticleSection.swift in Sources */,
				D46140541EF441A10010A36E /* UIColor.swift in Sources */,
				D447B7811EF0AECD00B7371E /* DateConversor.swift in Sources */,
				D47C48241F00A87600956AF8 /* ListViewModel.swift in Sources */,
				D44785161F043BB7004F474F /* FavoriteView.swift in Sources */,
				D451C47A1F0DBC5300B6D160 /* ArticleObject.swift in Sources */,
				D421B43B1EFF6D86004FE50F /* NewsFeedCoordinator.swift in Sources */,
				D46D2C671EEA12B0008C022F /* NewsFeedViewController.swift in Sources */,
				D444A0FF1F031DE7002FF5DB /* UICollectionViewCell+CardView.swift in Sources */,
				D4F356A31F0B22E0008E6C51 /* SourceCellViewModel.swift in Sources */,
				D451C4781F0DBABD00B6D160 /* ArticleInteractor.swift in Sources */,
			);
			runOnlyForDeploymentPostprocessing = 0;
		};
		D48CE8101EE8F46C00256E94 /* Sources */ = {
			isa = PBXSourcesBuildPhase;
			buildActionMask = 2147483647;
			files = (
				D451C4761F0DB68200B6D160 /* ArticleInteractorTests.swift in Sources */,
				D46A97EB1EFB65F8004BAF56 /* MockNewsAPI.swift in Sources */,
				D447B7841EF0AF7B00B7371E /* DateConversorTests.swift in Sources */,
				D4373F0E1F01D7CF00113C79 /* ListViewModelTests.swift in Sources */,
				D46A97E91EFB551F004BAF56 /* NewsAPI+RxTests.swift in Sources */,
				D451C4741F0DB65800B6D160 /* SourceInteractorTests.swift in Sources */,
				D4472A8E1EFC9E5900CA4DAF /* NewsFeedViewModelTests.swift in Sources */,
			);
			runOnlyForDeploymentPostprocessing = 0;
		};
/* End PBXSourcesBuildPhase section */

/* Begin PBXTargetDependency section */
		D48CE8161EE8F46C00256E94 /* PBXTargetDependency */ = {
			isa = PBXTargetDependency;
			target = D48CE7FF1EE8F46C00256E94 /* NewsFeedDigest */;
			targetProxy = D48CE8151EE8F46C00256E94 /* PBXContainerItemProxy */;
		};
/* End PBXTargetDependency section */

/* Begin PBXVariantGroup section */
		D48CE80C1EE8F46C00256E94 /* LaunchScreen.storyboard */ = {
			isa = PBXVariantGroup;
			children = (
				D48CE80D1EE8F46C00256E94 /* Base */,
			);
			name = LaunchScreen.storyboard;
			sourceTree = "<group>";
		};
/* End PBXVariantGroup section */

/* Begin XCBuildConfiguration section */
		D48CE81B1EE8F46C00256E94 /* Debug */ = {
			isa = XCBuildConfiguration;
			buildSettings = {
				ALWAYS_SEARCH_USER_PATHS = NO;
				CLANG_ANALYZER_NONNULL = YES;
				CLANG_ANALYZER_NUMBER_OBJECT_CONVERSION = YES_AGGRESSIVE;
				CLANG_CXX_LANGUAGE_STANDARD = "gnu++0x";
				CLANG_CXX_LIBRARY = "libc++";
				CLANG_ENABLE_MODULES = YES;
				CLANG_ENABLE_OBJC_ARC = YES;
				CLANG_WARN_BOOL_CONVERSION = YES;
				CLANG_WARN_CONSTANT_CONVERSION = YES;
				CLANG_WARN_DIRECT_OBJC_ISA_USAGE = YES_ERROR;
				CLANG_WARN_DOCUMENTATION_COMMENTS = YES;
				CLANG_WARN_EMPTY_BODY = YES;
				CLANG_WARN_ENUM_CONVERSION = YES;
				CLANG_WARN_INFINITE_RECURSION = YES;
				CLANG_WARN_INT_CONVERSION = YES;
				CLANG_WARN_OBJC_ROOT_CLASS = YES_ERROR;
				CLANG_WARN_SUSPICIOUS_MOVE = YES;
				CLANG_WARN_UNREACHABLE_CODE = YES;
				CLANG_WARN__DUPLICATE_METHOD_MATCH = YES;
				"CODE_SIGN_IDENTITY[sdk=iphoneos*]" = "iPhone Developer";
				COPY_PHASE_STRIP = NO;
				DEBUG_INFORMATION_FORMAT = dwarf;
				ENABLE_STRICT_OBJC_MSGSEND = YES;
				ENABLE_TESTABILITY = YES;
				GCC_C_LANGUAGE_STANDARD = gnu99;
				GCC_DYNAMIC_NO_PIC = NO;
				GCC_NO_COMMON_BLOCKS = YES;
				GCC_OPTIMIZATION_LEVEL = 0;
				GCC_PREPROCESSOR_DEFINITIONS = (
					"DEBUG=1",
					"$(inherited)",
				);
				GCC_WARN_64_TO_32_BIT_CONVERSION = YES;
				GCC_WARN_ABOUT_RETURN_TYPE = YES_ERROR;
				GCC_WARN_UNDECLARED_SELECTOR = YES;
				GCC_WARN_UNINITIALIZED_AUTOS = YES_AGGRESSIVE;
				GCC_WARN_UNUSED_FUNCTION = YES;
				GCC_WARN_UNUSED_VARIABLE = YES;
				IPHONEOS_DEPLOYMENT_TARGET = 10.3;
				MTL_ENABLE_DEBUG_INFO = YES;
				ONLY_ACTIVE_ARCH = YES;
				SDKROOT = iphoneos;
				SWIFT_ACTIVE_COMPILATION_CONDITIONS = DEBUG;
				SWIFT_OPTIMIZATION_LEVEL = "-Onone";
			};
			name = Debug;
		};
		D48CE81C1EE8F46C00256E94 /* Release */ = {
			isa = XCBuildConfiguration;
			buildSettings = {
				ALWAYS_SEARCH_USER_PATHS = NO;
				CLANG_ANALYZER_NONNULL = YES;
				CLANG_ANALYZER_NUMBER_OBJECT_CONVERSION = YES_AGGRESSIVE;
				CLANG_CXX_LANGUAGE_STANDARD = "gnu++0x";
				CLANG_CXX_LIBRARY = "libc++";
				CLANG_ENABLE_MODULES = YES;
				CLANG_ENABLE_OBJC_ARC = YES;
				CLANG_WARN_BOOL_CONVERSION = YES;
				CLANG_WARN_CONSTANT_CONVERSION = YES;
				CLANG_WARN_DIRECT_OBJC_ISA_USAGE = YES_ERROR;
				CLANG_WARN_DOCUMENTATION_COMMENTS = YES;
				CLANG_WARN_EMPTY_BODY = YES;
				CLANG_WARN_ENUM_CONVERSION = YES;
				CLANG_WARN_INFINITE_RECURSION = YES;
				CLANG_WARN_INT_CONVERSION = YES;
				CLANG_WARN_OBJC_ROOT_CLASS = YES_ERROR;
				CLANG_WARN_SUSPICIOUS_MOVE = YES;
				CLANG_WARN_UNREACHABLE_CODE = YES;
				CLANG_WARN__DUPLICATE_METHOD_MATCH = YES;
				"CODE_SIGN_IDENTITY[sdk=iphoneos*]" = "iPhone Developer";
				COPY_PHASE_STRIP = NO;
				DEBUG_INFORMATION_FORMAT = "dwarf-with-dsym";
				ENABLE_NS_ASSERTIONS = NO;
				ENABLE_STRICT_OBJC_MSGSEND = YES;
				GCC_C_LANGUAGE_STANDARD = gnu99;
				GCC_NO_COMMON_BLOCKS = YES;
				GCC_WARN_64_TO_32_BIT_CONVERSION = YES;
				GCC_WARN_ABOUT_RETURN_TYPE = YES_ERROR;
				GCC_WARN_UNDECLARED_SELECTOR = YES;
				GCC_WARN_UNINITIALIZED_AUTOS = YES_AGGRESSIVE;
				GCC_WARN_UNUSED_FUNCTION = YES;
				GCC_WARN_UNUSED_VARIABLE = YES;
				IPHONEOS_DEPLOYMENT_TARGET = 10.3;
				MTL_ENABLE_DEBUG_INFO = NO;
				SDKROOT = iphoneos;
				SWIFT_OPTIMIZATION_LEVEL = "-Owholemodule";
				VALIDATE_PRODUCT = YES;
			};
			name = Release;
		};
		D48CE81E1EE8F46C00256E94 /* Debug */ = {
			isa = XCBuildConfiguration;
			baseConfigurationReference = EDD68DF1C905F90365BDACAD /* Pods-NewsFeedDigest.debug.xcconfig */;
			buildSettings = {
				ASSETCATALOG_COMPILER_APPICON_NAME = AppIcon;
				DEVELOPMENT_TEAM = HGYG7SB23F;
				INFOPLIST_FILE = NewsFeedDigest/Info.plist;
				LD_RUNPATH_SEARCH_PATHS = "$(inherited) @executable_path/Frameworks";
				PRODUCT_BUNDLE_IDENTIFIER = com.lucaslimapoa.NewsFeedDigest;
				PRODUCT_NAME = "$(TARGET_NAME)";
				SWIFT_VERSION = 3.0;
			};
			name = Debug;
		};
		D48CE81F1EE8F46C00256E94 /* Release */ = {
			isa = XCBuildConfiguration;
			baseConfigurationReference = 797CBC0F0B4BF4F82D319F4B /* Pods-NewsFeedDigest.release.xcconfig */;
			buildSettings = {
				ASSETCATALOG_COMPILER_APPICON_NAME = AppIcon;
				DEVELOPMENT_TEAM = HGYG7SB23F;
				INFOPLIST_FILE = NewsFeedDigest/Info.plist;
				LD_RUNPATH_SEARCH_PATHS = "$(inherited) @executable_path/Frameworks";
				PRODUCT_BUNDLE_IDENTIFIER = com.lucaslimapoa.NewsFeedDigest;
				PRODUCT_NAME = "$(TARGET_NAME)";
				SWIFT_VERSION = 3.0;
			};
			name = Release;
		};
		D48CE8211EE8F46C00256E94 /* Debug */ = {
			isa = XCBuildConfiguration;
			baseConfigurationReference = DEFC35A2763629F1E311F409 /* Pods-NewsFeedDigestTests.debug.xcconfig */;
			buildSettings = {
				ALWAYS_EMBED_SWIFT_STANDARD_LIBRARIES = YES;
				BUNDLE_LOADER = "$(TEST_HOST)";
				CLANG_ENABLE_MODULES = YES;
				INFOPLIST_FILE = NewsFeedDigestTests/Info.plist;
				LD_RUNPATH_SEARCH_PATHS = "$(inherited) @executable_path/Frameworks @loader_path/Frameworks";
				PRODUCT_BUNDLE_IDENTIFIER = com.lucaslimapoa.NewsFeedDigestTests;
				PRODUCT_NAME = "$(TARGET_NAME)";
				SWIFT_OPTIMIZATION_LEVEL = "-Onone";
				SWIFT_VERSION = 3.0;
				TEST_HOST = "$(BUILT_PRODUCTS_DIR)/NewsFeedDigest.app/NewsFeedDigest";
			};
			name = Debug;
		};
		D48CE8221EE8F46C00256E94 /* Release */ = {
			isa = XCBuildConfiguration;
			baseConfigurationReference = 9911C6BB6ABF9644F5EF1258 /* Pods-NewsFeedDigestTests.release.xcconfig */;
			buildSettings = {
				ALWAYS_EMBED_SWIFT_STANDARD_LIBRARIES = YES;
				BUNDLE_LOADER = "$(TEST_HOST)";
				CLANG_ENABLE_MODULES = YES;
				INFOPLIST_FILE = NewsFeedDigestTests/Info.plist;
				LD_RUNPATH_SEARCH_PATHS = "$(inherited) @executable_path/Frameworks @loader_path/Frameworks";
				PRODUCT_BUNDLE_IDENTIFIER = com.lucaslimapoa.NewsFeedDigestTests;
				PRODUCT_NAME = "$(TARGET_NAME)";
				SWIFT_VERSION = 3.0;
				TEST_HOST = "$(BUILT_PRODUCTS_DIR)/NewsFeedDigest.app/NewsFeedDigest";
			};
			name = Release;
		};
/* End XCBuildConfiguration section */

/* Begin XCConfigurationList section */
		D48CE7FB1EE8F46C00256E94 /* Build configuration list for PBXProject "NewsFeedDigest" */ = {
			isa = XCConfigurationList;
			buildConfigurations = (
				D48CE81B1EE8F46C00256E94 /* Debug */,
				D48CE81C1EE8F46C00256E94 /* Release */,
			);
			defaultConfigurationIsVisible = 0;
			defaultConfigurationName = Release;
		};
		D48CE81D1EE8F46C00256E94 /* Build configuration list for PBXNativeTarget "NewsFeedDigest" */ = {
			isa = XCConfigurationList;
			buildConfigurations = (
				D48CE81E1EE8F46C00256E94 /* Debug */,
				D48CE81F1EE8F46C00256E94 /* Release */,
			);
			defaultConfigurationIsVisible = 0;
			defaultConfigurationName = Release;
		};
		D48CE8201EE8F46C00256E94 /* Build configuration list for PBXNativeTarget "NewsFeedDigestTests" */ = {
			isa = XCConfigurationList;
			buildConfigurations = (
				D48CE8211EE8F46C00256E94 /* Debug */,
				D48CE8221EE8F46C00256E94 /* Release */,
			);
			defaultConfigurationIsVisible = 0;
			defaultConfigurationName = Release;
		};
/* End XCConfigurationList section */
	};
	rootObject = D48CE7F81EE8F46C00256E94 /* Project object */;
}
